
Microsoft Visual Studio Solution File, Format Version 12.00
# Visual Studio Version 16
VisualStudioVersion = 16.0.31313.79
MinimumVisualStudioVersion = 10.0.40219.1
Project("{FAE04EC0-301F-11D3-BF4B-00C04F79EFBC}") = "Supervisorio_Modbus", "Supervisorio_Modbus.csproj", "{40729366-1D7F-4285-BFEF-CA7C6AAE821E}"
EndProject
Global
	GlobalSection(SolutionConfigurationPlatforms) = preSolution
		Debug|Any CPU = Debug|Any CPU
		Release|Any CPU = Release|Any CPU
	EndGlobalSection
	GlobalSection(ProjectConfigurationPlatforms) = postSolution
		{40729366-1D7F-4285-BFEF-CA7C6AAE821E}.Debug|Any CPU.ActiveCfg = Debug|Any CPU
		{40729366-1D7F-4285-BFEF-CA7C6AAE821E}.Debug|Any CPU.Build.0 = Debug|Any CPU
		{40729366-1D7F-4285-BFEF-CA7C6AAE821E}.Release|Any CPU.ActiveCfg = Release|Any CPU
		{40729366-1D7F-4285-BFEF-CA7C6AAE821E}.Release|Any CPU.Build.0 = Release|Any CPU
	EndGlobalSection
	GlobalSection(SolutionProperties) = preSolution
		HideSolutionNode = FALSE
	EndGlobalSection
	GlobalSection(ExtensibilityGlobals) = postSolution
		SolutionGuid = {B6E9358C-70C2-4F23-AD36-A470DA622CEE}
	EndGlobalSection
EndGlobal
